
Microsoft Visual Studio Solution File, Format Version 12.00
# Visual Studio 15
VisualStudioVersion = 15.0.28307.106
MinimumVisualStudioVersion = 10.0.40219.1
Project("{FAE04EC0-301F-11D3-BF4B-00C04F79EFBC}") = "SolidPrinciples", "SolidPrinciples\SolidPrinciples.csproj", "{1A04ADA7-DBEC-4960-BEBB-E00CF8D1E80B}"
EndProject
Global
	GlobalSection(SolutionConfigurationPlatforms) = preSolution
		Debug|Any CPU = Debug|Any CPU
		Release|Any CPU = Release|Any CPU
	EndGlobalSection
	GlobalSection(ProjectConfigurationPlatforms) = postSolution
		{1A04ADA7-DBEC-4960-BEBB-E00CF8D1E80B}.Debug|Any CPU.ActiveCfg = Debug|Any CPU
		{1A04ADA7-DBEC-4960-BEBB-E00CF8D1E80B}.Debug|Any CPU.Build.0 = Debug|Any CPU
		{1A04ADA7-DBEC-4960-BEBB-E00CF8D1E80B}.Release|Any CPU.ActiveCfg = Release|Any CPU
		{1A04ADA7-DBEC-4960-BEBB-E00CF8D1E80B}.Release|Any CPU.Build.0 = Release|Any CPU
	EndGlobalSection
	GlobalSection(SolutionProperties) = preSolution
		HideSolutionNode = FALSE
	EndGlobalSection
	GlobalSection(ExtensibilityGlobals) = postSolution
		SolutionGuid = {BCAB6526-252D-42A0-B989-82F95752CF36}
	EndGlobalSection
EndGlobal
